
Microsoft Visual Studio Solution File, Format Version 12.00
# Visual Studio Version 16
VisualStudioVersion = 16.0.29806.167
MinimumVisualStudioVersion = 10.0.40219.1
Project("{8BC9CEB8-8B4A-11D0-8D11-00A0C91BC942}") = "ProgEngeLab6.1", "ProgEngeLab6.1.vcxproj", "{CAB4ACC6-27B4-443A-8F8C-97DA4CCAD7B6}"
EndProject
Global
	GlobalSection(SolutionConfigurationPlatforms) = preSolution
		Debug|x64 = Debug|x64
		Debug|x86 = Debug|x86
		Release|x64 = Release|x64
		Release|x86 = Release|x86
	EndGlobalSection
	GlobalSection(ProjectConfigurationPlatforms) = postSolution
		{CAB4ACC6-27B4-443A-8F8C-97DA4CCAD7B6}.Debug|x64.ActiveCfg = Debug|x64
		{CAB4ACC6-27B4-443A-8F8C-97DA4CCAD7B6}.Debug|x64.Build.0 = Debug|x64
		{CAB4ACC6-27B4-443A-8F8C-97DA4CCAD7B6}.Debug|x86.ActiveCfg = Debug|Win32
		{CAB4ACC6-27B4-443A-8F8C-97DA4CCAD7B6}.Debug|x86.Build.0 = Debug|Win32
		{CAB4ACC6-27B4-443A-8F8C-97DA4CCAD7B6}.Release|x64.ActiveCfg = Release|x64
		{CAB4ACC6-27B4-443A-8F8C-97DA4CCAD7B6}.Release|x64.Build.0 = Release|x64
		{CAB4ACC6-27B4-443A-8F8C-97DA4CCAD7B6}.Release|x86.ActiveCfg = Release|Win32
		{CAB4ACC6-27B4-443A-8F8C-97DA4CCAD7B6}.Release|x86.Build.0 = Release|Win32
	EndGlobalSection
	GlobalSection(SolutionProperties) = preSolution
		HideSolutionNode = FALSE
	EndGlobalSection
	GlobalSection(ExtensibilityGlobals) = postSolution
		SolutionGuid = {162CB6A8-E9D7-4DD8-A263-0A6691956736}
	EndGlobalSection
EndGlobal
