
Microsoft Visual Studio Solution File, Format Version 12.00
# Visual Studio Version 16
VisualStudioVersion = 16.0.29806.167
MinimumVisualStudioVersion = 10.0.40219.1
Project("{8BC9CEB8-8B4A-11D0-8D11-00A0C91BC942}") = "ProgEngeLab6.2", "ProgEngeLab6.2.vcxproj", "{C5F37A1E-F4BC-43D3-B4F9-FDFDE2699FED}"
EndProject
Global
	GlobalSection(SolutionConfigurationPlatforms) = preSolution
		Debug|x64 = Debug|x64
		Debug|x86 = Debug|x86
		Release|x64 = Release|x64
		Release|x86 = Release|x86
	EndGlobalSection
	GlobalSection(ProjectConfigurationPlatforms) = postSolution
		{C5F37A1E-F4BC-43D3-B4F9-FDFDE2699FED}.Debug|x64.ActiveCfg = Debug|x64
		{C5F37A1E-F4BC-43D3-B4F9-FDFDE2699FED}.Debug|x64.Build.0 = Debug|x64
		{C5F37A1E-F4BC-43D3-B4F9-FDFDE2699FED}.Debug|x86.ActiveCfg = Debug|Win32
		{C5F37A1E-F4BC-43D3-B4F9-FDFDE2699FED}.Debug|x86.Build.0 = Debug|Win32
		{C5F37A1E-F4BC-43D3-B4F9-FDFDE2699FED}.Release|x64.ActiveCfg = Release|x64
		{C5F37A1E-F4BC-43D3-B4F9-FDFDE2699FED}.Release|x64.Build.0 = Release|x64
		{C5F37A1E-F4BC-43D3-B4F9-FDFDE2699FED}.Release|x86.ActiveCfg = Release|Win32
		{C5F37A1E-F4BC-43D3-B4F9-FDFDE2699FED}.Release|x86.Build.0 = Release|Win32
	EndGlobalSection
	GlobalSection(SolutionProperties) = preSolution
		HideSolutionNode = FALSE
	EndGlobalSection
	GlobalSection(ExtensibilityGlobals) = postSolution
		SolutionGuid = {63CB3D02-0CED-4A1F-A970-7A8E6E98DC74}
	EndGlobalSection
EndGlobal
